
Microsoft Visual Studio Solution File, Format Version 12.00
# Visual Studio 2013
VisualStudioVersion = 12.0.21005.1
MinimumVisualStudioVersion = 10.0.40219.1
Project("{FAE04EC0-301F-11D3-BF4B-00C04F79EFBC}") = "SmartToyWebApp", "SmartToyWebApp\SmartToyWebApp.csproj", "{E86E02A5-975E-4F88-8028-1E036CAE97E3}"
EndProject
Project("{FAE04EC0-301F-11D3-BF4B-00C04F79EFBC}") = "SmartToySPA", "SmartToySPA\SmartToySPA.csproj", "{D1BFF781-1E66-4521-99EC-62D41F59D32C}"
EndProject
Global
	GlobalSection(SolutionConfigurationPlatforms) = preSolution
		Debug|Any CPU = Debug|Any CPU
		Release|Any CPU = Release|Any CPU
	EndGlobalSection
	GlobalSection(ProjectConfigurationPlatforms) = postSolution
		{E86E02A5-975E-4F88-8028-1E036CAE97E3}.Debug|Any CPU.ActiveCfg = Debug|Any CPU
		{E86E02A5-975E-4F88-8028-1E036CAE97E3}.Debug|Any CPU.Build.0 = Debug|Any CPU
		{E86E02A5-975E-4F88-8028-1E036CAE97E3}.Release|Any CPU.ActiveCfg = Release|Any CPU
		{E86E02A5-975E-4F88-8028-1E036CAE97E3}.Release|Any CPU.Build.0 = Release|Any CPU
		{D1BFF781-1E66-4521-99EC-62D41F59D32C}.Debug|Any CPU.ActiveCfg = Debug|Any CPU
		{D1BFF781-1E66-4521-99EC-62D41F59D32C}.Debug|Any CPU.Build.0 = Debug|Any CPU
		{D1BFF781-1E66-4521-99EC-62D41F59D32C}.Release|Any CPU.ActiveCfg = Release|Any CPU
		{D1BFF781-1E66-4521-99EC-62D41F59D32C}.Release|Any CPU.Build.0 = Release|Any CPU
	EndGlobalSection
	GlobalSection(SolutionProperties) = preSolution
		HideSolutionNode = FALSE
	EndGlobalSection
EndGlobal
